// !$*UTF8*$!
{
	archiveVersion = 1;
	classes = {
	};
	objectVersion = 56;
	objects = {

/* Begin PBXBuildFile section */
		7A88A3DA2C0612E600A4935B /* AppDelegate.swift in Sources */ = {isa = PBXBuildFile; fileRef = 7A88A3D92C0612E600A4935B /* AppDelegate.swift */; };
		7A88A3DC2C0612E600A4935B /* SceneDelegate.swift in Sources */ = {isa = PBXBuildFile; fileRef = 7A88A3DB2C0612E600A4935B /* SceneDelegate.swift */; };
		7A88A3DE2C0612E600A4935B /* ViewController.swift in Sources */ = {isa = PBXBuildFile; fileRef = 7A88A3DD2C0612E600A4935B /* ViewController.swift */; };
		7A88A3E12C0612E600A4935B /* Main.storyboard in Resources */ = {isa = PBXBuildFile; fileRef = 7A88A3DF2C0612E600A4935B /* Main.storyboard */; };
		7A88A3E32C0612E900A4935B /* Assets.xcassets in Resources */ = {isa = PBXBuildFile; fileRef = 7A88A3E22C0612E900A4935B /* Assets.xcassets */; };
		7A88A3E62C0612E900A4935B /* LaunchScreen.storyboard in Resources */ = {isa = PBXBuildFile; fileRef = 7A88A3E42C0612E900A4935B /* LaunchScreen.storyboard */; };
		7A88A3EE2C06136700A4935B /* CounterModel.swift in Sources */ = {isa = PBXBuildFile; fileRef = 7A88A3ED2C06136700A4935B /* CounterModel.swift */; };
		7A88A3F02C0613C500A4935B /* CounterViewModel.swift in Sources */ = {isa = PBXBuildFile; fileRef = 7A88A3EF2C0613C500A4935B /* CounterViewModel.swift */; };
/* End PBXBuildFile section */

/* Begin PBXFileReference section */
		7A88A3D62C0612E600A4935B /* TMSHomework-Lesson45.app */ = {isa = PBXFileReference; explicitFileType = wrapper.application; includeInIndex = 0; path = "TMSHomework-Lesson45.app"; sourceTree = BUILT_PRODUCTS_DIR; };
		7A88A3D92C0612E600A4935B /* AppDelegate.swift */ = {isa = PBXFileReference; lastKnownFileType = sourcecode.swift; path = AppDelegate.swift; sourceTree = "<group>"; };
		7A88A3DB2C0612E600A4935B /* SceneDelegate.swift */ = {isa = PBXFileReference; lastKnownFileType = sourcecode.swift; path = SceneDelegate.swift; sourceTree = "<group>"; };
		7A88A3DD2C0612E600A4935B /* ViewController.swift */ = {isa = PBXFileReference; lastKnownFileType = sourcecode.swift; path = ViewController.swift; sourceTree = "<group>"; };
		7A88A3E02C0612E600A4935B /* Base */ = {isa = PBXFileReference; lastKnownFileType = file.storyboard; name = Base; path = Base.lproj/Main.storyboard; sourceTree = "<group>"; };
		7A88A3E22C0612E900A4935B /* Assets.xcassets */ = {isa = PBXFileReference; lastKnownFileType = folder.assetcatalog; path = Assets.xcassets; sourceTree = "<group>"; };
		7A88A3E52C0612E900A4935B /* Base */ = {isa = PBXFileReference; lastKnownFileType = file.storyboard; name = Base; path = Base.lproj/LaunchScreen.storyboard; sourceTree = "<group>"; };
		7A88A3E72C0612E900A4935B /* Info.plist */ = {isa = PBXFileReference; lastKnownFileType = text.plist.xml; path = Info.plist; sourceTree = "<group>"; };
		7A88A3ED2C06136700A4935B /* CounterModel.swift */ = {isa = PBXFileReference; lastKnownFileType = sourcecode.swift; path = CounterModel.swift; sourceTree = "<group>"; };
		7A88A3EF2C0613C500A4935B /* CounterViewModel.swift */ = {isa = PBXFileReference; lastKnownFileType = sourcecode.swift; path = CounterViewModel.swift; sourceTree = "<group>"; };
/* End PBXFileReference section */

/* Begin PBXFrameworksBuildPhase section */
		7A88A3D32C0612E600A4935B /* Frameworks */ = {
			isa = PBXFrameworksBuildPhase;
			buildActionMask = 2147483647;
			files = (
			);
			runOnlyForDeploymentPostprocessing = 0;
		};
/* End PBXFrameworksBuildPhase section */

/* Begin PBXGroup section */
		7A88A3CD2C0612E500A4935B = {
			isa = PBXGroup;
			children = (
				7A88A3D82C0612E600A4935B /* TMSHomework-Lesson45 */,
				7A88A3D72C0612E600A4935B /* Products */,
			);
			sourceTree = "<group>";
		};
		7A88A3D72C0612E600A4935B /* Products */ = {
			isa = PBXGroup;
			children = (
				7A88A3D62C0612E600A4935B /* TMSHomework-Lesson45.app */,
			);
			name = Products;
			sourceTree = "<group>";
		};
		7A88A3D82C0612E600A4935B /* TMSHomework-Lesson45 */ = {
			isa = PBXGroup;
			children = (
				7A88A3D92C0612E600A4935B /* AppDelegate.swift */,
				7A88A3DB2C0612E600A4935B /* SceneDelegate.swift */,
				7A88A3F32C076DB500A4935B /* ViewModel */,
				7A88A3F22C076DAB00A4935B /* View */,
				7A88A3F12C076D9C00A4935B /* Model */,
				7A88A3DF2C0612E600A4935B /* Main.storyboard */,
				7A88A3E22C0612E900A4935B /* Assets.xcassets */,
				7A88A3E42C0612E900A4935B /* LaunchScreen.storyboard */,
				7A88A3E72C0612E900A4935B /* Info.plist */,
			);
			path = "TMSHomework-Lesson45";
			sourceTree = "<group>";
		};
		7A88A3F12C076D9C00A4935B /* Model */ = {
			isa = PBXGroup;
			children = (
				7A88A3ED2C06136700A4935B /* CounterModel.swift */,
			);
			path = Model;
			sourceTree = "<group>";
		};
		7A88A3F22C076DAB00A4935B /* View */ = {
			isa = PBXGroup;
			children = (
				7A88A3DD2C0612E600A4935B /* ViewController.swift */,
			);
			path = View;
			sourceTree = "<group>";
		};
		7A88A3F32C076DB500A4935B /* ViewModel */ = {
			isa = PBXGroup;
			children = (
				7A88A3EF2C0613C500A4935B /* CounterViewModel.swift */,
			);
			path = ViewModel;
			sourceTree = "<group>";
		};
/* End PBXGroup section */

/* Begin PBXNativeTarget section */
		7A88A3D52C0612E600A4935B /* TMSHomework-Lesson45 */ = {
			isa = PBXNativeTarget;
			buildConfigurationList = 7A88A3EA2C0612E900A4935B /* Build configuration list for PBXNativeTarget "TMSHomework-Lesson45" */;
			buildPhases = (
				7A88A3D22C0612E600A4935B /* Sources */,
				7A88A3D32C0612E600A4935B /* Frameworks */,
				7A88A3D42C0612E600A4935B /* Resources */,
			);
			buildRules = (
			);
			dependencies = (
			);
			name = "TMSHomework-Lesson45";
			productName = "TMSHomework-Lesson45";
			productReference = 7A88A3D62C0612E600A4935B /* TMSHomework-Lesson45.app */;
			productType = "com.apple.product-type.application";
		};
/* End PBXNativeTarget section */

/* Begin PBXProject section */
		7A88A3CE2C0612E500A4935B /* Project object */ = {
			isa = PBXProject;
			attributes = {
				BuildIndependentTargetsInParallel = 1;
				LastSwiftUpdateCheck = 1520;
				LastUpgradeCheck = 1520;
				TargetAttributes = {
					7A88A3D52C0612E600A4935B = {
						CreatedOnToolsVersion = 15.2;
					};
				};
			};
			buildConfigurationList = 7A88A3D12C0612E500A4935B /* Build configuration list for PBXProject "TMSHomework-Lesson45" */;
			compatibilityVersion = "Xcode 14.0";
			developmentRegion = en;
			hasScannedForEncodings = 0;
			knownRegions = (
				en,
				Base,
			);
			mainGroup = 7A88A3CD2C0612E500A4935B;
			productRefGroup = 7A88A3D72C0612E600A4935B /* Products */;
			projectDirPath = "";
			projectRoot = "";
			targets = (
				7A88A3D52C0612E600A4935B /* TMSHomework-Lesson45 */,
			);
		};
/* End PBXProject section */

/* Begin PBXResourcesBuildPhase section */
		7A88A3D42C0612E600A4935B /* Resources */ = {
			isa = PBXResourcesBuildPhase;
			buildActionMask = 2147483647;
			files = (
				7A88A3E62C0612E900A4935B /* LaunchScreen.storyboard in Resources */,
				7A88A3E32C0612E900A4935B /* Assets.xcassets in Resources */,
				7A88A3E12C0612E600A4935B /* Main.storyboard in Resources */,
			);
			runOnlyForDeploymentPostprocessing = 0;
		};
/* End PBXResourcesBuildPhase section */

/* Begin PBXSourcesBuildPhase section */
		7A88A3D22C0612E600A4935B /* Sources */ = {
			isa = PBXSourcesBuildPhase;
			buildActionMask = 2147483647;
			files = (
				7A88A3F02C0613C500A4935B /* CounterViewModel.swift in Sources */,
				7A88A3DE2C0612E600A4935B /* ViewController.swift in Sources */,
				7A88A3DA2C0612E600A4935B /* AppDelegate.swift in Sources */,
				7A88A3EE2C06136700A4935B /* CounterModel.swift in Sources */,
				7A88A3DC2C0612E600A4935B /* SceneDelegate.swift in Sources */,
			);
			runOnlyForDeploymentPostprocessing = 0;
		};
/* End PBXSourcesBuildPhase section */

/* Begin PBXVariantGroup section */
		7A88A3DF2C0612E600A4935B /* Main.storyboard */ = {
			isa = PBXVariantGroup;
			children = (
				7A88A3E02C0612E600A4935B /* Base */,
			);
			name = Main.storyboard;
			sourceTree = "<group>";
		};
		7A88A3E42C0612E900A4935B /* LaunchScreen.storyboard */ = {
			isa = PBXVariantGroup;
			children = (
				7A88A3E52C0612E900A4935B /* Base */,
			);
			name = LaunchScreen.storyboard;
			sourceTree = "<group>";
		};
/* End PBXVariantGroup section */

/* Begin XCBuildConfiguration section */
		7A88A3E82C0612E900A4935B /* Debug */ = {
			isa = XCBuildConfiguration;
			buildSettings = {
				ALWAYS_SEARCH_USER_PATHS = NO;
				ASSETCATALOG_COMPILER_GENERATE_SWIFT_ASSET_SYMBOL_EXTENSIONS = YES;
				CLANG_ANALYZER_NONNULL = YES;
				CLANG_ANALYZER_NUMBER_OBJECT_CONVERSION = YES_AGGRESSIVE;
				CLANG_CXX_LANGUAGE_STANDARD = "gnu++20";
				CLANG_ENABLE_MODULES = YES;
				CLANG_ENABLE_OBJC_ARC = YES;
				CLANG_ENABLE_OBJC_WEAK = YES;
				CLANG_WARN_BLOCK_CAPTURE_AUTORELEASING = YES;
				CLANG_WARN_BOOL_CONVERSION = YES;
				CLANG_WARN_COMMA = YES;
				CLANG_WARN_CONSTANT_CONVERSION = YES;
				CLANG_WARN_DEPRECATED_OBJC_IMPLEMENTATIONS = YES;
				CLANG_WARN_DIRECT_OBJC_ISA_USAGE = YES_ERROR;
				CLANG_WARN_DOCUMENTATION_COMMENTS = YES;
				CLANG_WARN_EMPTY_BODY = YES;
				CLANG_WARN_ENUM_CONVERSION = YES;
				CLANG_WARN_INFINITE_RECURSION = YES;
				CLANG_WARN_INT_CONVERSION = YES;
				CLANG_WARN_NON_LITERAL_NULL_CONVERSION = YES;
				CLANG_WARN_OBJC_IMPLICIT_RETAIN_SELF = YES;
				CLANG_WARN_OBJC_LITERAL_CONVERSION = YES;
				CLANG_WARN_OBJC_ROOT_CLASS = YES_ERROR;
				CLANG_WARN_QUOTED_INCLUDE_IN_FRAMEWORK_HEADER = YES;
				CLANG_WARN_RANGE_LOOP_ANALYSIS = YES;
				CLANG_WARN_STRICT_PROTOTYPES = YES;
				CLANG_WARN_SUSPICIOUS_MOVE = YES;
				CLANG_WARN_UNGUARDED_AVAILABILITY = YES_AGGRESSIVE;
				CLANG_WARN_UNREACHABLE_CODE = YES;
				CLANG_WARN__DUPLICATE_METHOD_MATCH = YES;
				COPY_PHASE_STRIP = NO;
				DEBUG_INFORMATION_FORMAT = dwarf;
				ENABLE_STRICT_OBJC_MSGSEND = YES;
				ENABLE_TESTABILITY = YES;
				ENABLE_USER_SCRIPT_SANDBOXING = YES;
				GCC_C_LANGUAGE_STANDARD = gnu17;
				GCC_DYNAMIC_NO_PIC = NO;
				GCC_NO_COMMON_BLOCKS = YES;
				GCC_OPTIMIZATION_LEVEL = 0;
				GCC_PREPROCESSOR_DEFINITIONS = (
					"DEBUG=1",
					"$(inherited)",
				);
				GCC_WARN_64_TO_32_BIT_CONVERSION = YES;
				GCC_WARN_ABOUT_RETURN_TYPE = YES_ERROR;
				GCC_WARN_UNDECLARED_SELECTOR = YES;
				GCC_WARN_UNINITIALIZED_AUTOS = YES_AGGRESSIVE;
				GCC_WARN_UNUSED_FUNCTION = YES;
				GCC_WARN_UNUSED_VARIABLE = YES;
				IPHONEOS_DEPLOYMENT_TARGET = 17.2;
				LOCALIZATION_PREFERS_STRING_CATALOGS = YES;
				MTL_ENABLE_DEBUG_INFO = INCLUDE_SOURCE;
				MTL_FAST_MATH = YES;
				ONLY_ACTIVE_ARCH = YES;
				SDKROOT = iphoneos;
				SWIFT_ACTIVE_COMPILATION_CONDITIONS = "DEBUG $(inherited)";
				SWIFT_OPTIMIZATION_LEVEL = "-Onone";
			};
			name = Debug;
		};
		7A88A3E92C0612E900A4935B /* Release */ = {
			isa = XCBuildConfiguration;
			buildSettings = {
				ALWAYS_SEARCH_USER_PATHS = NO;
				ASSETCATALOG_COMPILER_GENERATE_SWIFT_ASSET_SYMBOL_EXTENSIONS = YES;
				CLANG_ANALYZER_NONNULL = YES;
				CLANG_ANALYZER_NUMBER_OBJECT_CONVERSION = YES_AGGRESSIVE;
				CLANG_CXX_LANGUAGE_STANDARD = "gnu++20";
				CLANG_ENABLE_MODULES = YES;
				CLANG_ENABLE_OBJC_ARC = YES;
				CLANG_ENABLE_OBJC_WEAK = YES;
				CLANG_WARN_BLOCK_CAPTURE_AUTORELEASING = YES;
				CLANG_WARN_BOOL_CONVERSION = YES;
				CLANG_WARN_COMMA = YES;
				CLANG_WARN_CONSTANT_CONVERSION = YES;
				CLANG_WARN_DEPRECATED_OBJC_IMPLEMENTATIONS = YES;
				CLANG_WARN_DIRECT_OBJC_ISA_USAGE = YES_ERROR;
				CLANG_WARN_DOCUMENTATION_COMMENTS = YES;
				CLANG_WARN_EMPTY_BODY = YES;
				CLANG_WARN_ENUM_CONVERSION = YES;
				CLANG_WARN_INFINITE_RECURSION = YES;
				CLANG_WARN_INT_CONVERSION = YES;
				CLANG_WARN_NON_LITERAL_NULL_CONVERSION = YES;
				CLANG_WARN_OBJC_IMPLICIT_RETAIN_SELF = YES;
				CLANG_WARN_OBJC_LITERAL_CONVERSION = YES;
				CLANG_WARN_OBJC_ROOT_CLASS = YES_ERROR;
				CLANG_WARN_QUOTED_INCLUDE_IN_FRAMEWORK_HEADER = YES;
				CLANG_WARN_RANGE_LOOP_ANALYSIS = YES;
				CLANG_WARN_STRICT_PROTOTYPES = YES;
				CLANG_WARN_SUSPICIOUS_MOVE = YES;
				CLANG_WARN_UNGUARDED_AVAILABILITY = YES_AGGRESSIVE;
				CLANG_WARN_UNREACHABLE_CODE = YES;
				CLANG_WARN__DUPLICATE_METHOD_MATCH = YES;
				COPY_PHASE_STRIP = NO;
				DEBUG_INFORMATION_FORMAT = "dwarf-with-dsym";
				ENABLE_NS_ASSERTIONS = NO;
				ENABLE_STRICT_OBJC_MSGSEND = YES;
				ENABLE_USER_SCRIPT_SANDBOXING = YES;
				GCC_C_LANGUAGE_STANDARD = gnu17;
				GCC_NO_COMMON_BLOCKS = YES;
				GCC_WARN_64_TO_32_BIT_CONVERSION = YES;
				GCC_WARN_ABOUT_RETURN_TYPE = YES_ERROR;
				GCC_WARN_UNDECLARED_SELECTOR = YES;
				GCC_WARN_UNINITIALIZED_AUTOS = YES_AGGRESSIVE;
				GCC_WARN_UNUSED_FUNCTION = YES;
				GCC_WARN_UNUSED_VARIABLE = YES;
				IPHONEOS_DEPLOYMENT_TARGET = 17.2;
				LOCALIZATION_PREFERS_STRING_CATALOGS = YES;
				MTL_ENABLE_DEBUG_INFO = NO;
				MTL_FAST_MATH = YES;
				SDKROOT = iphoneos;
				SWIFT_COMPILATION_MODE = wholemodule;
				VALIDATE_PRODUCT = YES;
			};
			name = Release;
		};
		7A88A3EB2C0612E900A4935B /* Debug */ = {
			isa = XCBuildConfiguration;
			buildSettings = {
				ASSETCATALOG_COMPILER_APPICON_NAME = AppIcon;
				ASSETCATALOG_COMPILER_GLOBAL_ACCENT_COLOR_NAME = AccentColor;
				CODE_SIGN_STYLE = Automatic;
				CURRENT_PROJECT_VERSION = 1;
				DEVELOPMENT_TEAM = BLSN95DCGL;
				GENERATE_INFOPLIST_FILE = YES;
				INFOPLIST_FILE = "TMSHomework-Lesson45/Info.plist";
				INFOPLIST_KEY_UIApplicationSupportsIndirectInputEvents = YES;
				INFOPLIST_KEY_UILaunchStoryboardName = LaunchScreen;
				INFOPLIST_KEY_UIMainStoryboardFile = Main;
				INFOPLIST_KEY_UISupportedInterfaceOrientations_iPad = "UIInterfaceOrientationPortrait UIInterfaceOrientationPortraitUpsideDown UIInterfaceOrientationLandscapeLeft UIInterfaceOrientationLandscapeRight";
				INFOPLIST_KEY_UISupportedInterfaceOrientations_iPhone = "UIInterfaceOrientationPortrait UIInterfaceOrientationLandscapeLeft UIInterfaceOrientationLandscapeRight";
				LD_RUNPATH_SEARCH_PATHS = (
					"$(inherited)",
					"@executable_path/Frameworks",
				);
				MARKETING_VERSION = 1.0;
				PRODUCT_BUNDLE_IDENTIFIER = "com.example.TMSHomework-Lesson45";
				PRODUCT_NAME = "$(TARGET_NAME)";
				SWIFT_EMIT_LOC_STRINGS = YES;
				SWIFT_VERSION = 5.0;
				TARGETED_DEVICE_FAMILY = "1,2";
			};
			name = Debug;
		};
		7A88A3EC2C0612E900A4935B /* Release */ = {
			isa = XCBuildConfiguration;
			buildSettings = {
				ASSETCATALOG_COMPILER_APPICON_NAME = AppIcon;
				ASSETCATALOG_COMPILER_GLOBAL_ACCENT_COLOR_NAME = AccentColor;
				CODE_SIGN_STYLE = Automatic;
				CURRENT_PROJECT_VERSION = 1;
				DEVELOPMENT_TEAM = BLSN95DCGL;
				GENERATE_INFOPLIST_FILE = YES;
				INFOPLIST_FILE = "TMSHomework-Lesson45/Info.plist";
				INFOPLIST_KEY_UIApplicationSupportsIndirectInputEvents = YES;
				INFOPLIST_KEY_UILaunchStoryboardName = LaunchScreen;
				INFOPLIST_KEY_UIMainStoryboardFile = Main;
				INFOPLIST_KEY_UISupportedInterfaceOrientations_iPad = "UIInterfaceOrientationPortrait UIInterfaceOrientationPortraitUpsideDown UIInterfaceOrientationLandscapeLeft UIInterfaceOrientationLandscapeRight";
				INFOPLIST_KEY_UISupportedInterfaceOrientations_iPhone = "UIInterfaceOrientationPortrait UIInterfaceOrientationLandscapeLeft UIInterfaceOrientationLandscapeRight";
				LD_RUNPATH_SEARCH_PATHS = (
					"$(inherited)",
					"@executable_path/Frameworks",
				);
				MARKETING_VERSION = 1.0;
				PRODUCT_BUNDLE_IDENTIFIER = "com.example.TMSHomework-Lesson45";
				PRODUCT_NAME = "$(TARGET_NAME)";
				SWIFT_EMIT_LOC_STRINGS = YES;
				SWIFT_VERSION = 5.0;
				TARGETED_DEVICE_FAMILY = "1,2";
			};
			name = Release;
		};
/* End XCBuildConfiguration section */

/* Begin XCConfigurationList section */
		7A88A3D12C0612E500A4935B /* Build configuration list for PBXProject "TMSHomework-Lesson45" */ = {
			isa = XCConfigurationList;
			buildConfigurations = (
				7A88A3E82C0612E900A4935B /* Debug */,
				7A88A3E92C0612E900A4935B /* Release */,
			);
			defaultConfigurationIsVisible = 0;
			defaultConfigurationName = Release;
		};
		7A88A3EA2C0612E900A4935B /* Build configuration list for PBXNativeTarget "TMSHomework-Lesson45" */ = {
			isa = XCConfigurationList;
			buildConfigurations = (
				7A88A3EB2C0612E900A4935B /* Debug */,
				7A88A3EC2C0612E900A4935B /* Release */,
			);
			defaultConfigurationIsVisible = 0;
			defaultConfigurationName = Release;
		};
/* End XCConfigurationList section */
	};
	rootObject = 7A88A3CE2C0612E500A4935B /* Project object */;
}
